dependencies:
- name: mongodb-sharded
  repository: https://charts.bitnami.com/bitnami
  version: 1.3.1
- name: mongodb-sharded
  repository: https://charts.bitnami.com/bitnami
  version: 1.3.1
- name: mongodb-sharded
  repository: https://charts.bitnami.com/bitnami
  version: 1.3.1
- name: mongodb-sharded
  repository: https://charts.bitnami.com/bitnami
  version: 1.3.1
- name: mongodb-sharded
  repository: https://charts.bitnami.com/bitnami
  version: 1.3.1
- name: kubernetes-dashboard
  repository: https://kubernetes-charts.storage.googleapis.com
  version: 1.10.1
digest: sha256:4c7c86c1eef1807a4f5a073f3326ef5c8e9a61a2796c2746ed5e30568985475e
generated: "2020-05-14T14:25:36.652634+01:00"
