dependencies:
- name: mongodb-sharded
  repository: https://charts.bitnami.com/bitnami
  version: 1.3.1
- name: mongodb-sharded
  repository: https://charts.bitnami.com/bitnami
  version: 1.3.1
- name: mongodb-sharded
  repository: https://charts.bitnami.com/bitnami
  version: 1.3.1
- name: mongodb-sharded
  repository: https://charts.bitnami.com/bitnami
  version: 1.3.1
- name: mongodb-sharded
  repository: https://charts.bitnami.com/bitnami
  version: 1.3.1
digest: sha256:a77b2f249d8288ef44290c8bea7a3cb692ec6dd3ace1aa6ec4f0ceb99441ebda
generated: "2020-05-04T13:30:48.423+01:00"
